
Microsoft Visual Studio Solution File, Format Version 12.00
# Visual Studio Version 17
VisualStudioVersion = 17.14.37216.2 d17.14
MinimumVisualStudioVersion = 10.0.40219.1
Project("{FAE04EC0-301F-11D3-BF4B-00C04F79EFBC}") = "JuniorQaDemo.Tests", "JuniorQaDemo.Tests.csproj", "{0A5683AD-1492-623C-0DAD-FDBB06D20997}"
EndProject
Global
	GlobalSection(SolutionConfigurationPlatforms) = preSolution
		Debug|Any CPU = Debug|Any CPU
		Release|Any CPU = Release|Any CPU
	EndGlobalSection
	GlobalSection(ProjectConfigurationPlatforms) = postSolution
		{0A5683AD-1492-623C-0DAD-FDBB06D20997}.Debug|Any CPU.ActiveCfg = Debug|Any CPU
		{0A5683AD-1492-623C-0DAD-FDBB06D20997}.Debug|Any CPU.Build.0 = Debug|Any CPU
		{0A5683AD-1492-623C-0DAD-FDBB06D20997}.Release|Any CPU.ActiveCfg = Release|Any CPU
		{0A5683AD-1492-623C-0DAD-FDBB06D20997}.Release|Any CPU.Build.0 = Release|Any CPU
	EndGlobalSection
	GlobalSection(SolutionProperties) = preSolution
		HideSolutionNode = FALSE
	EndGlobalSection
	GlobalSection(ExtensibilityGlobals) = postSolution
		SolutionGuid = {658D8091-A79C-4A0B-8130-A08155A29878}
	EndGlobalSection
EndGlobal
